# This file was autogenerated by uv via the following command:
#    uv pip compile pyproject.toml --extra dev -o requirements.lock
annotated-types==0.7.0
    # via pydantic
attrs==25.4.0
    # via
    #   cattrs
    #   lsprotocol
    #   pygls
cattrs==25.3.0
    # via
    #   lsprotocol
    #   pygls
click==8.3.1
    # via typer
coverage==7.13.2
    # via pytest-cov
execnet==2.1.2
    # via pytest-xdist
iniconfig==2.3.0
    # via pytest
libcst==1.8.6
    # via gabion (pyproject.toml)
lsprotocol==2025.0.0
    # via pygls
markdown-it-py==4.0.0
    # via rich
mdurl==0.1.2
    # via markdown-it-py
packaging==26.0
    # via pytest
pluggy==1.6.0
    # via
    #   pytest
    #   pytest-cov
pydantic==2.12.5
    # via gabion (pyproject.toml)
pydantic-core==2.41.5
    # via pydantic
pygls==2.0.1
    # via gabion (pyproject.toml)
pygments==2.19.2
    # via
    #   pytest
    #   rich
pytest==9.0.2
    # via
    #   gabion (pyproject.toml)
    #   pytest-cov
    #   pytest-xdist
pytest-cov==7.0.0
    # via gabion (pyproject.toml)
pytest-xdist==3.8.0
    # via gabion (pyproject.toml)
pyyaml==6.0.3
    # via
    #   gabion (pyproject.toml)
    #   libcst
rich==14.3.2
    # via
    #   gabion (pyproject.toml)
    #   typer
shellingham==1.5.4
    # via typer
typer==0.21.1
    # via gabion (pyproject.toml)
typing-extensions==4.15.0
    # via
    #   cattrs
    #   pydantic
    #   pydantic-core
    #   typer
    #   typing-inspection
typing-inspection==0.4.2
    # via pydantic
